
Microsoft Visual Studio Solution File, Format Version 12.00
# Visual Studio Version 16
VisualStudioVersion = 16.0.30002.166
MinimumVisualStudioVersion = 10.0.40219.1
Project("{9A19103F-16F7-4668-BE54-9A1E7A4F7556}") = "GameBlog.WEB", "GameBlog.WEB\GameBlog.WEB.csproj", "{B0885404-8779-46AE-9DF5-4FA2BA8F9E4A}"
EndProject
Project("{9A19103F-16F7-4668-BE54-9A1E7A4F7556}") = "GameBlog.DAL", "GameBlog.DAL\GameBlog.DAL.csproj", "{37E04660-DD11-4878-A7D2-E38D041DB901}"
EndProject
Global
	GlobalSection(SolutionConfigurationPlatforms) = preSolution
		Debug|Any CPU = Debug|Any CPU
		Release|Any CPU = Release|Any CPU
	EndGlobalSection
	GlobalSection(ProjectConfigurationPlatforms) = postSolution
		{B0885404-8779-46AE-9DF5-4FA2BA8F9E4A}.Debug|Any CPU.ActiveCfg = Debug|Any CPU
		{B0885404-8779-46AE-9DF5-4FA2BA8F9E4A}.Debug|Any CPU.Build.0 = Debug|Any CPU
		{B0885404-8779-46AE-9DF5-4FA2BA8F9E4A}.Release|Any CPU.ActiveCfg = Release|Any CPU
		{B0885404-8779-46AE-9DF5-4FA2BA8F9E4A}.Release|Any CPU.Build.0 = Release|Any CPU
		{37E04660-DD11-4878-A7D2-E38D041DB901}.Debug|Any CPU.ActiveCfg = Debug|Any CPU
		{37E04660-DD11-4878-A7D2-E38D041DB901}.Debug|Any CPU.Build.0 = Debug|Any CPU
		{37E04660-DD11-4878-A7D2-E38D041DB901}.Release|Any CPU.ActiveCfg = Release|Any CPU
		{37E04660-DD11-4878-A7D2-E38D041DB901}.Release|Any CPU.Build.0 = Release|Any CPU
	EndGlobalSection
	GlobalSection(SolutionProperties) = preSolution
		HideSolutionNode = FALSE
	EndGlobalSection
	GlobalSection(ExtensibilityGlobals) = postSolution
		SolutionGuid = {BC4D7F45-01DA-499D-8B19-47AF35F2B7A9}
	EndGlobalSection
EndGlobal
