
Microsoft Visual Studio Solution File, Format Version 12.00
# Visual Studio Version 16
VisualStudioVersion = 16.0.30002.166
MinimumVisualStudioVersion = 10.0.40219.1
Project("{9A19103F-16F7-4668-BE54-9A1E7A4F7556}") = "GameBlog.DAL", "GameBlog.DAL\GameBlog.DAL.csproj", "{37E04660-DD11-4878-A7D2-E38D041DB901}"
EndProject
Project("{9A19103F-16F7-4668-BE54-9A1E7A4F7556}") = "GameBlog.CRUD", "GameBlog.CRUD\GameBlog.CRUD.csproj", "{3DC0F0A1-E989-41ED-B907-8D6A1BA4CF71}"
EndProject
Project("{9A19103F-16F7-4668-BE54-9A1E7A4F7556}") = "GameBlog.WebApp", "GameBlog.WebApp\GameBlog.WebApp.csproj", "{76651387-AC36-4C08-BBFE-CB6DE7245E5D}"
EndProject
Project("{9A19103F-16F7-4668-BE54-9A1E7A4F7556}") = "GameBlog.Initializer", "GameBlog.Initializer\GameBlog.Initializer.csproj", "{DF4161CF-87A1-44E5-9EE0-3E5DEA3FF4A8}"
EndProject
Project("{9A19103F-16F7-4668-BE54-9A1E7A4F7556}") = "GameBlog.Models", "GameBlog.Models\GameBlog.Models.csproj", "{C14BF68B-CB65-473F-B66D-D5A58EB5D8EC}"
EndProject
Project("{FAE04EC0-301F-11D3-BF4B-00C04F79EFBC}") = "SteamGamesAPI", "SteamGamesAPI\SteamGamesAPI.csproj", "{7B8CB2AE-7975-445F-87DE-37260C0E3512}"
EndProject
Global
	GlobalSection(SolutionConfigurationPlatforms) = preSolution
		Debug|Any CPU = Debug|Any CPU
		Release|Any CPU = Release|Any CPU
	EndGlobalSection
	GlobalSection(ProjectConfigurationPlatforms) = postSolution
		{37E04660-DD11-4878-A7D2-E38D041DB901}.Debug|Any CPU.ActiveCfg = Debug|Any CPU
		{37E04660-DD11-4878-A7D2-E38D041DB901}.Debug|Any CPU.Build.0 = Debug|Any CPU
		{37E04660-DD11-4878-A7D2-E38D041DB901}.Release|Any CPU.ActiveCfg = Release|Any CPU
		{37E04660-DD11-4878-A7D2-E38D041DB901}.Release|Any CPU.Build.0 = Release|Any CPU
		{3DC0F0A1-E989-41ED-B907-8D6A1BA4CF71}.Debug|Any CPU.ActiveCfg = Debug|Any CPU
		{3DC0F0A1-E989-41ED-B907-8D6A1BA4CF71}.Debug|Any CPU.Build.0 = Debug|Any CPU
		{3DC0F0A1-E989-41ED-B907-8D6A1BA4CF71}.Release|Any CPU.ActiveCfg = Release|Any CPU
		{3DC0F0A1-E989-41ED-B907-8D6A1BA4CF71}.Release|Any CPU.Build.0 = Release|Any CPU
		{76651387-AC36-4C08-BBFE-CB6DE7245E5D}.Debug|Any CPU.ActiveCfg = Debug|Any CPU
		{76651387-AC36-4C08-BBFE-CB6DE7245E5D}.Debug|Any CPU.Build.0 = Debug|Any CPU
		{76651387-AC36-4C08-BBFE-CB6DE7245E5D}.Release|Any CPU.ActiveCfg = Release|Any CPU
		{76651387-AC36-4C08-BBFE-CB6DE7245E5D}.Release|Any CPU.Build.0 = Release|Any CPU
		{DF4161CF-87A1-44E5-9EE0-3E5DEA3FF4A8}.Debug|Any CPU.ActiveCfg = Debug|Any CPU
		{DF4161CF-87A1-44E5-9EE0-3E5DEA3FF4A8}.Debug|Any CPU.Build.0 = Debug|Any CPU
		{DF4161CF-87A1-44E5-9EE0-3E5DEA3FF4A8}.Release|Any CPU.ActiveCfg = Release|Any CPU
		{DF4161CF-87A1-44E5-9EE0-3E5DEA3FF4A8}.Release|Any CPU.Build.0 = Release|Any CPU
		{C14BF68B-CB65-473F-B66D-D5A58EB5D8EC}.Debug|Any CPU.ActiveCfg = Debug|Any CPU
		{C14BF68B-CB65-473F-B66D-D5A58EB5D8EC}.Debug|Any CPU.Build.0 = Debug|Any CPU
		{C14BF68B-CB65-473F-B66D-D5A58EB5D8EC}.Release|Any CPU.ActiveCfg = Release|Any CPU
		{C14BF68B-CB65-473F-B66D-D5A58EB5D8EC}.Release|Any CPU.Build.0 = Release|Any CPU
		{7B8CB2AE-7975-445F-87DE-37260C0E3512}.Debug|Any CPU.ActiveCfg = Debug|Any CPU
		{7B8CB2AE-7975-445F-87DE-37260C0E3512}.Debug|Any CPU.Build.0 = Debug|Any CPU
		{7B8CB2AE-7975-445F-87DE-37260C0E3512}.Release|Any CPU.ActiveCfg = Release|Any CPU
		{7B8CB2AE-7975-445F-87DE-37260C0E3512}.Release|Any CPU.Build.0 = Release|Any CPU
	EndGlobalSection
	GlobalSection(SolutionProperties) = preSolution
		HideSolutionNode = FALSE
	EndGlobalSection
	GlobalSection(ExtensibilityGlobals) = postSolution
		SolutionGuid = {BC4D7F45-01DA-499D-8B19-47AF35F2B7A9}
	EndGlobalSection
EndGlobal
